
Microsoft Visual Studio Solution File, Format Version 12.00
# Visual Studio 15
VisualStudioVersion = 15.0.26730.16
MinimumVisualStudioVersion = 10.0.40219.1
Project("{FAE04EC0-301F-11D3-BF4B-00C04F79EFBC}") = "DistributedOrderer.Worker", "DistributedOrderer.Worker\DistributedOrderer.Worker.csproj", "{A5AE93E7-3583-4DC5-806F-1C2C6FD9AF3A}"
EndProject
Global
	GlobalSection(SolutionConfigurationPlatforms) = preSolution
		Debug|Any CPU = Debug|Any CPU
		Release|Any CPU = Release|Any CPU
	EndGlobalSection
	GlobalSection(ProjectConfigurationPlatforms) = postSolution
		{A5AE93E7-3583-4DC5-806F-1C2C6FD9AF3A}.Debug|Any CPU.ActiveCfg = Debug|Any CPU
		{A5AE93E7-3583-4DC5-806F-1C2C6FD9AF3A}.Debug|Any CPU.Build.0 = Debug|Any CPU
		{A5AE93E7-3583-4DC5-806F-1C2C6FD9AF3A}.Release|Any CPU.ActiveCfg = Release|Any CPU
		{A5AE93E7-3583-4DC5-806F-1C2C6FD9AF3A}.Release|Any CPU.Build.0 = Release|Any CPU
	EndGlobalSection
	GlobalSection(SolutionProperties) = preSolution
		HideSolutionNode = FALSE
	EndGlobalSection
	GlobalSection(ExtensibilityGlobals) = postSolution
		SolutionGuid = {F44383CA-23BF-4AD0-B155-B3DF357CE13B}
	EndGlobalSection
EndGlobal
